// !$*UTF8*$!
{
	archiveVersion = 1;
	classes = {
	};
	objectVersion = 46;
	objects = {

/* Begin PBXBuildFile section */
		2305170C1C070EF300DBFE52 /* constants.swift in Sources */ = {isa = PBXBuildFile; fileRef = 2305170B1C070EF300DBFE52 /* constants.swift */; };
		2305171A1C08B2D800DBFE52 /* XLForm.framework in Frameworks */ = {isa = PBXBuildFile; fileRef = 230517191C08B2C500DBFE52 /* XLForm.framework */; };
		2305171C1C08B6AF00DBFE52 /* UserSettingsFormViewController.swift in Sources */ = {isa = PBXBuildFile; fileRef = 2305171B1C08B6AF00DBFE52 /* UserSettingsFormViewController.swift */; };
		234617461B5EC30D001D8B76 /* CollectionViewController.swift in Sources */ = {isa = PBXBuildFile; fileRef = 234617451B5EC30D001D8B76 /* CollectionViewController.swift */; };
		234617481B5EC546001D8B76 /* CategoryViewCell.swift in Sources */ = {isa = PBXBuildFile; fileRef = 234617471B5EC546001D8B76 /* CategoryViewCell.swift */; };
		234FD6AE1AE10493003DE0A4 /* cl_DBModel.swift in Sources */ = {isa = PBXBuildFile; fileRef = 234FD6AD1AE10493003DE0A4 /* cl_DBModel.swift */; };
		234FD6B01AE104AF003DE0A4 /* cl_UserModel.swift in Sources */ = {isa = PBXBuildFile; fileRef = 234FD6AF1AE104AF003DE0A4 /* cl_UserModel.swift */; };
		234FD6B31AE1100C003DE0A4 /* SwiftyJSON.swift in Sources */ = {isa = PBXBuildFile; fileRef = 234FD6B21AE1100C003DE0A4 /* SwiftyJSON.swift */; };
		23C212771C04848A00FB50C7 /* Alamofire.framework in Frameworks */ = {isa = PBXBuildFile; fileRef = 23C2126A1C0483BE00FB50C7 /* Alamofire.framework */; };
		23DF4EDB1A7444510059870C /* AppDelegate.swift in Sources */ = {isa = PBXBuildFile; fileRef = 23DF4EDA1A7444510059870C /* AppDelegate.swift */; };
		23DF4EDD1A7444510059870C /* ViewController.swift in Sources */ = {isa = PBXBuildFile; fileRef = 23DF4EDC1A7444510059870C /* ViewController.swift */; };
		23DF4EE01A7444510059870C /* Main.storyboard in Resources */ = {isa = PBXBuildFile; fileRef = 23DF4EDE1A7444510059870C /* Main.storyboard */; };
		23DF4EE21A7444510059870C /* Images.xcassets in Resources */ = {isa = PBXBuildFile; fileRef = 23DF4EE11A7444510059870C /* Images.xcassets */; };
		23DF4EE51A7444510059870C /* LaunchScreen.xib in Resources */ = {isa = PBXBuildFile; fileRef = 23DF4EE31A7444510059870C /* LaunchScreen.xib */; };
		23DF4EF11A7444510059870C /* smapTests.swift in Sources */ = {isa = PBXBuildFile; fileRef = 23DF4EF01A7444510059870C /* smapTests.swift */; };
		23DF4F071A78351D0059870C /* Localizable.strings in Resources */ = {isa = PBXBuildFile; fileRef = 23DF4F091A78351D0059870C /* Localizable.strings */; };
		23DF4F141A79001F0059870C /* functions.swift in Sources */ = {isa = PBXBuildFile; fileRef = 23DF4F131A79001F0059870C /* functions.swift */; };
/* End PBXBuildFile section */

/* Begin PBXContainerItemProxy section */
		230517181C08B2C500DBFE52 /* PBXContainerItemProxy */ = {
			isa = PBXContainerItemProxy;
			containerPortal = 230517141C08B2C500DBFE52 /* XLForm.xcodeproj */;
			proxyType = 2;
			remoteGlobalIDString = E267FD201BE8048900F86B42;
			remoteInfo = XLForm;
		};
		23C212691C0483BE00FB50C7 /* PBXContainerItemProxy */ = {
			isa = PBXContainerItemProxy;
			containerPortal = 23C2125F1C0483BE00FB50C7 /* Alamofire.xcodeproj */;
			proxyType = 2;
			remoteGlobalIDString = F8111E3319A95C8B0040E7D1;
			remoteInfo = "Alamofire iOS";
		};
		23C2126B1C0483BE00FB50C7 /* PBXContainerItemProxy */ = {
			isa = PBXContainerItemProxy;
			containerPortal = 23C2125F1C0483BE00FB50C7 /* Alamofire.xcodeproj */;
			proxyType = 2;
			remoteGlobalIDString = F8111E3E19A95C8B0040E7D1;
			remoteInfo = "Alamofire iOS Tests";
		};
		23C2126D1C0483BE00FB50C7 /* PBXContainerItemProxy */ = {
			isa = PBXContainerItemProxy;
			containerPortal = 23C2125F1C0483BE00FB50C7 /* Alamofire.xcodeproj */;
			proxyType = 2;
			remoteGlobalIDString = 4DD67C0B1A5C55C900ED2280;
			remoteInfo = "Alamofire OSX";
		};
		23C2126F1C0483BE00FB50C7 /* PBXContainerItemProxy */ = {
			isa = PBXContainerItemProxy;
			containerPortal = 23C2125F1C0483BE00FB50C7 /* Alamofire.xcodeproj */;
			proxyType = 2;
			remoteGlobalIDString = F829C6B21A7A94F100A2CD59;
			remoteInfo = "Alamofire OSX Tests";
		};
		23C212711C0483BE00FB50C7 /* PBXContainerItemProxy */ = {
			isa = PBXContainerItemProxy;
			containerPortal = 23C2125F1C0483BE00FB50C7 /* Alamofire.xcodeproj */;
			proxyType = 2;
			remoteGlobalIDString = 4CF626EF1BA7CB3E0011A099;
			remoteInfo = "Alamofire tvOS";
		};
		23C212731C0483BE00FB50C7 /* PBXContainerItemProxy */ = {
			isa = PBXContainerItemProxy;
			containerPortal = 23C2125F1C0483BE00FB50C7 /* Alamofire.xcodeproj */;
			proxyType = 2;
			remoteGlobalIDString = 4CF626F81BA7CB3E0011A099;
			remoteInfo = "Alamofire tvOS Tests";
		};
		23C212751C0483BE00FB50C7 /* PBXContainerItemProxy */ = {
			isa = PBXContainerItemProxy;
			containerPortal = 23C2125F1C0483BE00FB50C7 /* Alamofire.xcodeproj */;
			proxyType = 2;
			remoteGlobalIDString = E4202FE01B667AA100C997FB;
			remoteInfo = "Alamofire watchOS";
		};
		23DF4EEB1A7444510059870C /* PBXContainerItemProxy */ = {
			isa = PBXContainerItemProxy;
			containerPortal = 23DF4ECD1A7444510059870C /* Project object */;
			proxyType = 1;
			remoteGlobalIDString = 23DF4ED41A7444510059870C;
			remoteInfo = smap;
		};
/* End PBXContainerItemProxy section */

/* Begin PBXCopyFilesBuildPhase section */
		234FD6C91AE118F5003DE0A4 /* Embed Frameworks */ = {
			isa = PBXCopyFilesBuildPhase;
			buildActionMask = 2147483647;
			dstPath = "";
			dstSubfolderSpec = 10;
			files = (
			);
			name = "Embed Frameworks";
			runOnlyForDeploymentPostprocessing = 0;
		};
/* End PBXCopyFilesBuildPhase section */

/* Begin PBXFileReference section */
		2305170B1C070EF300DBFE52 /* constants.swift */ = {isa = PBXFileReference; fileEncoding = 4; lastKnownFileType = sourcecode.swift; path = constants.swift; sourceTree = "<group>"; };
		230517141C08B2C500DBFE52 /* XLForm.xcodeproj */ = {isa = PBXFileReference; lastKnownFileType = "wrapper.pb-project"; name = XLForm.xcodeproj; path = "XLForm-master/XLForm.xcodeproj"; sourceTree = "<group>"; };
		2305171B1C08B6AF00DBFE52 /* UserSettingsFormViewController.swift */ = {isa = PBXFileReference; fileEncoding = 4; lastKnownFileType = sourcecode.swift; path = UserSettingsFormViewController.swift; sourceTree = "<group>"; };
		2305171D1C08F61D00DBFE52 /* de */ = {isa = PBXFileReference; lastKnownFileType = file.storyboard; name = de; path = de.lproj/Main.storyboard; sourceTree = "<group>"; };
		234617451B5EC30D001D8B76 /* CollectionViewController.swift */ = {isa = PBXFileReference; fileEncoding = 4; lastKnownFileType = sourcecode.swift; path = CollectionViewController.swift; sourceTree = "<group>"; };
		234617471B5EC546001D8B76 /* CategoryViewCell.swift */ = {isa = PBXFileReference; fileEncoding = 4; lastKnownFileType = sourcecode.swift; path = CategoryViewCell.swift; sourceTree = "<group>"; };
		234FD6AD1AE10493003DE0A4 /* cl_DBModel.swift */ = {isa = PBXFileReference; fileEncoding = 4; lastKnownFileType = sourcecode.swift; path = cl_DBModel.swift; sourceTree = "<group>"; };
		234FD6AF1AE104AF003DE0A4 /* cl_UserModel.swift */ = {isa = PBXFileReference; fileEncoding = 4; lastKnownFileType = sourcecode.swift; path = cl_UserModel.swift; sourceTree = "<group>"; };
		234FD6B21AE1100C003DE0A4 /* SwiftyJSON.swift */ = {isa = PBXFileReference; fileEncoding = 4; lastKnownFileType = sourcecode.swift; path = SwiftyJSON.swift; sourceTree = "<group>"; };
		23C2125F1C0483BE00FB50C7 /* Alamofire.xcodeproj */ = {isa = PBXFileReference; lastKnownFileType = "wrapper.pb-project"; name = Alamofire.xcodeproj; path = "Alamofire-master/Alamofire.xcodeproj"; sourceTree = "<group>"; };
		23DF4ED51A7444510059870C /* smap.app */ = {isa = PBXFileReference; explicitFileType = wrapper.application; includeInIndex = 0; path = smap.app; sourceTree = BUILT_PRODUCTS_DIR; };
		23DF4ED91A7444510059870C /* Info.plist */ = {isa = PBXFileReference; lastKnownFileType = text.plist.xml; path = Info.plist; sourceTree = "<group>"; };
		23DF4EDA1A7444510059870C /* AppDelegate.swift */ = {isa = PBXFileReference; lastKnownFileType = sourcecode.swift; path = AppDelegate.swift; sourceTree = "<group>"; };
		23DF4EDC1A7444510059870C /* ViewController.swift */ = {isa = PBXFileReference; lastKnownFileType = sourcecode.swift; path = ViewController.swift; sourceTree = "<group>"; };
		23DF4EDF1A7444510059870C /* Base */ = {isa = PBXFileReference; lastKnownFileType = file.storyboard; name = Base; path = Base.lproj/Main.storyboard; sourceTree = "<group>"; };
		23DF4EE11A7444510059870C /* Images.xcassets */ = {isa = PBXFileReference; lastKnownFileType = folder.assetcatalog; path = Images.xcassets; sourceTree = "<group>"; };
		23DF4EE41A7444510059870C /* Base */ = {isa = PBXFileReference; lastKnownFileType = file.xib; name = Base; path = Base.lproj/LaunchScreen.xib; sourceTree = "<group>"; };
		23DF4EEA1A7444510059870C /* smapTests.xctest */ = {isa = PBXFileReference; explicitFileType = wrapper.cfbundle; includeInIndex = 0; path = smapTests.xctest; sourceTree = BUILT_PRODUCTS_DIR; };
		23DF4EEF1A7444510059870C /* Info.plist */ = {isa = PBXFileReference; lastKnownFileType = text.plist.xml; path = Info.plist; sourceTree = "<group>"; };
		23DF4EF01A7444510059870C /* smapTests.swift */ = {isa = PBXFileReference; lastKnownFileType = sourcecode.swift; path = smapTests.swift; sourceTree = "<group>"; };
		23DF4F081A78351D0059870C /* Base */ = {isa = PBXFileReference; fileEncoding = 4; lastKnownFileType = text.plist.strings; name = Base; path = Base.lproj/Localizable.strings; sourceTree = "<group>"; };
		23DF4F0D1A783A0D0059870C /* en */ = {isa = PBXFileReference; lastKnownFileType = text.plist.strings; name = en; path = en.lproj/Localizable.strings; sourceTree = "<group>"; };
		23DF4F111A78EFCF0059870C /* de */ = {isa = PBXFileReference; lastKnownFileType = text.plist.strings; name = de; path = de.lproj/LaunchScreen.strings; sourceTree = "<group>"; };
		23DF4F121A78EFCF0059870C /* de */ = {isa = PBXFileReference; lastKnownFileType = text.plist.strings; name = de; path = de.lproj/Localizable.strings; sourceTree = "<group>"; };
		23DF4F131A79001F0059870C /* functions.swift */ = {isa = PBXFileReference; fileEncoding = 4; lastKnownFileType = sourcecode.swift; path = functions.swift; sourceTree = "<group>"; };
		23F397741ADC18F300E6780C /* en */ = {isa = PBXFileReference; lastKnownFileType = text.plist.strings; name = en; path = en.lproj/Main.strings; sourceTree = "<group>"; };
/* End PBXFileReference section */

/* Begin PBXFrameworksBuildPhase section */
		23DF4ED21A7444510059870C /* Frameworks */ = {
			isa = PBXFrameworksBuildPhase;
			buildActionMask = 2147483647;
			files = (
				2305171A1C08B2D800DBFE52 /* XLForm.framework in Frameworks */,
				23C212771C04848A00FB50C7 /* Alamofire.framework in Frameworks */,
			);
			runOnlyForDeploymentPostprocessing = 0;
		};
		23DF4EE71A7444510059870C /* Frameworks */ = {
			isa = PBXFrameworksBuildPhase;
			buildActionMask = 2147483647;
			files = (
			);
			runOnlyForDeploymentPostprocessing = 0;
		};
/* End PBXFrameworksBuildPhase section */

/* Begin PBXGroup section */
		230517151C08B2C500DBFE52 /* Products */ = {
			isa = PBXGroup;
			children = (
				230517191C08B2C500DBFE52 /* XLForm.framework */,
			);
			name = Products;
			sourceTree = "<group>";
		};
		234FD6B11AE10FE5003DE0A4 /* external */ = {
			isa = PBXGroup;
			children = (
				234FD6B21AE1100C003DE0A4 /* SwiftyJSON.swift */,
			);
			name = external;
			sourceTree = "<group>";
		};
		23C212601C0483BE00FB50C7 /* Products */ = {
			isa = PBXGroup;
			children = (
				23C2126A1C0483BE00FB50C7 /* Alamofire.framework */,
				23C2126C1C0483BE00FB50C7 /* Alamofire iOS Tests.xctest */,
				23C2126E1C0483BE00FB50C7 /* Alamofire.framework */,
				23C212701C0483BE00FB50C7 /* Alamofire OSX Tests.xctest */,
				23C212721C0483BE00FB50C7 /* Alamofire.framework */,
				23C212741C0483BE00FB50C7 /* Alamofire tvOS Tests.xctest */,
				23C212761C0483BE00FB50C7 /* Alamofire.framework */,
			);
			name = Products;
			sourceTree = "<group>";
		};
		23DF4ECC1A7444510059870C = {
			isa = PBXGroup;
			children = (
				230517141C08B2C500DBFE52 /* XLForm.xcodeproj */,
				23C2125F1C0483BE00FB50C7 /* Alamofire.xcodeproj */,
				23DF4ED71A7444510059870C /* smap */,
				23DF4EED1A7444510059870C /* smapTests */,
				23DF4ED61A7444510059870C /* Products */,
			);
			sourceTree = "<group>";
		};
		23DF4ED61A7444510059870C /* Products */ = {
			isa = PBXGroup;
			children = (
				23DF4ED51A7444510059870C /* smap.app */,
				23DF4EEA1A7444510059870C /* smapTests.xctest */,
			);
			name = Products;
			sourceTree = "<group>";
		};
		23DF4ED71A7444510059870C /* smap */ = {
			isa = PBXGroup;
			children = (
				234FD6B11AE10FE5003DE0A4 /* external */,
				23DF4EFA1A7500380059870C /* data */,
				23DF4EDA1A7444510059870C /* AppDelegate.swift */,
				2305171B1C08B6AF00DBFE52 /* UserSettingsFormViewController.swift */,
				23DF4EDC1A7444510059870C /* ViewController.swift */,
				234617451B5EC30D001D8B76 /* CollectionViewController.swift */,
				234617471B5EC546001D8B76 /* CategoryViewCell.swift */,
				23DF4EDE1A7444510059870C /* Main.storyboard */,
				23DF4EE11A7444510059870C /* Images.xcassets */,
				23DF4EE31A7444510059870C /* LaunchScreen.xib */,
				23DF4ED81A7444510059870C /* Supporting Files */,
			);
			path = smap;
			sourceTree = "<group>";
		};
		23DF4ED81A7444510059870C /* Supporting Files */ = {
			isa = PBXGroup;
			children = (
				23DF4ED91A7444510059870C /* Info.plist */,
				23DF4F091A78351D0059870C /* Localizable.strings */,
			);
			name = "Supporting Files";
			sourceTree = "<group>";
		};
		23DF4EED1A7444510059870C /* smapTests */ = {
			isa = PBXGroup;
			children = (
				23DF4EF01A7444510059870C /* smapTests.swift */,
				23DF4EEE1A7444510059870C /* Supporting Files */,
			);
			path = smapTests;
			sourceTree = "<group>";
		};
		23DF4EEE1A7444510059870C /* Supporting Files */ = {
			isa = PBXGroup;
			children = (
				23DF4EEF1A7444510059870C /* Info.plist */,
			);
			name = "Supporting Files";
			sourceTree = "<group>";
		};
		23DF4EFA1A7500380059870C /* data */ = {
			isa = PBXGroup;
			children = (
				2305170B1C070EF300DBFE52 /* constants.swift */,
				23DF4F131A79001F0059870C /* functions.swift */,
				234FD6AD1AE10493003DE0A4 /* cl_DBModel.swift */,
				234FD6AF1AE104AF003DE0A4 /* cl_UserModel.swift */,
			);
			name = data;
			sourceTree = "<group>";
		};
/* End PBXGroup section */

/* Begin PBXNativeTarget section */
		23DF4ED41A7444510059870C /* smap */ = {
			isa = PBXNativeTarget;
			buildConfigurationList = 23DF4EF41A7444510059870C /* Build configuration list for PBXNativeTarget "smap" */;
			buildPhases = (
				23DF4ED11A7444510059870C /* Sources */,
				23DF4ED21A7444510059870C /* Frameworks */,
				23DF4ED31A7444510059870C /* Resources */,
				234FD6C91AE118F5003DE0A4 /* Embed Frameworks */,
			);
			buildRules = (
			);
			dependencies = (
			);
			name = smap;
			productName = smap;
			productReference = 23DF4ED51A7444510059870C /* smap.app */;
			productType = "com.apple.product-type.application";
		};
		23DF4EE91A7444510059870C /* smapTests */ = {
			isa = PBXNativeTarget;
			buildConfigurationList = 23DF4EF71A7444510059870C /* Build configuration list for PBXNativeTarget "smapTests" */;
			buildPhases = (
				23DF4EE61A7444510059870C /* Sources */,
				23DF4EE71A7444510059870C /* Frameworks */,
				23DF4EE81A7444510059870C /* Resources */,
			);
			buildRules = (
			);
			dependencies = (
				23DF4EEC1A7444510059870C /* PBXTargetDependency */,
			);
			name = smapTests;
			productName = smapTests;
			productReference = 23DF4EEA1A7444510059870C /* smapTests.xctest */;
			productType = "com.apple.product-type.bundle.unit-test";
		};
/* End PBXNativeTarget section */

/* Begin PBXProject section */
		23DF4ECD1A7444510059870C /* Project object */ = {
			isa = PBXProject;
			attributes = {
				LastSwiftUpdateCheck = 0710;
				LastUpgradeCheck = 0710;
				ORGANIZATIONNAME = "Mara-Consulting";
				TargetAttributes = {
					23DF4ED41A7444510059870C = {
						CreatedOnToolsVersion = 6.1.1;
						DevelopmentTeam = 3P4SCDHC5E;
					};
					23DF4EE91A7444510059870C = {
						CreatedOnToolsVersion = 6.1.1;
						TestTargetID = 23DF4ED41A7444510059870C;
					};
				};
			};
			buildConfigurationList = 23DF4ED01A7444510059870C /* Build configuration list for PBXProject "smap" */;
			compatibilityVersion = "Xcode 3.2";
			developmentRegion = English;
			hasScannedForEncodings = 0;
			knownRegions = (
				en,
				Base,
				de,
			);
			mainGroup = 23DF4ECC1A7444510059870C;
			productRefGroup = 23DF4ED61A7444510059870C /* Products */;
			projectDirPath = "";
			projectReferences = (
				{
					ProductGroup = 23C212601C0483BE00FB50C7 /* Products */;
					ProjectRef = 23C2125F1C0483BE00FB50C7 /* Alamofire.xcodeproj */;
				},
				{
					ProductGroup = 230517151C08B2C500DBFE52 /* Products */;
					ProjectRef = 230517141C08B2C500DBFE52 /* XLForm.xcodeproj */;
				},
			);
			projectRoot = "";
			targets = (
				23DF4ED41A7444510059870C /* smap */,
				23DF4EE91A7444510059870C /* smapTests */,
			);
		};
/* End PBXProject section */

/* Begin PBXReferenceProxy section */
		230517191C08B2C500DBFE52 /* XLForm.framework */ = {
			isa = PBXReferenceProxy;
			fileType = wrapper.framework;
			path = XLForm.framework;
			remoteRef = 230517181C08B2C500DBFE52 /* PBXContainerItemProxy */;
			sourceTree = BUILT_PRODUCTS_DIR;
		};
		23C2126A1C0483BE00FB50C7 /* Alamofire.framework */ = {
			isa = PBXReferenceProxy;
			fileType = wrapper.framework;
			path = Alamofire.framework;
			remoteRef = 23C212691C0483BE00FB50C7 /* PBXContainerItemProxy */;
			sourceTree = BUILT_PRODUCTS_DIR;
		};
		23C2126C1C0483BE00FB50C7 /* Alamofire iOS Tests.xctest */ = {
			isa = PBXReferenceProxy;
			fileType = wrapper.cfbundle;
			path = "Alamofire iOS Tests.xctest";
			remoteRef = 23C2126B1C0483BE00FB50C7 /* PBXContainerItemProxy */;
			sourceTree = BUILT_PRODUCTS_DIR;
		};
		23C2126E1C0483BE00FB50C7 /* Alamofire.framework */ = {
			isa = PBXReferenceProxy;
			fileType = wrapper.framework;
			path = Alamofire.framework;
			remoteRef = 23C2126D1C0483BE00FB50C7 /* PBXContainerItemProxy */;
			sourceTree = BUILT_PRODUCTS_DIR;
		};
		23C212701C0483BE00FB50C7 /* Alamofire OSX Tests.xctest */ = {
			isa = PBXReferenceProxy;
			fileType = wrapper.cfbundle;
			path = "Alamofire OSX Tests.xctest";
			remoteRef = 23C2126F1C0483BE00FB50C7 /* PBXContainerItemProxy */;
			sourceTree = BUILT_PRODUCTS_DIR;
		};
		23C212721C0483BE00FB50C7 /* Alamofire.framework */ = {
			isa = PBXReferenceProxy;
			fileType = wrapper.framework;
			path = Alamofire.framework;
			remoteRef = 23C212711C0483BE00FB50C7 /* PBXContainerItemProxy */;
			sourceTree = BUILT_PRODUCTS_DIR;
		};
		23C212741C0483BE00FB50C7 /* Alamofire tvOS Tests.xctest */ = {
			isa = PBXReferenceProxy;
			fileType = wrapper.cfbundle;
			path = "Alamofire tvOS Tests.xctest";
			remoteRef = 23C212731C0483BE00FB50C7 /* PBXContainerItemProxy */;
			sourceTree = BUILT_PRODUCTS_DIR;
		};
		23C212761C0483BE00FB50C7 /* Alamofire.framework */ = {
			isa = PBXReferenceProxy;
			fileType = wrapper.framework;
			path = Alamofire.framework;
			remoteRef = 23C212751C0483BE00FB50C7 /* PBXContainerItemProxy */;
			sourceTree = BUILT_PRODUCTS_DIR;
		};
/* End PBXReferenceProxy section */

/* Begin PBXResourcesBuildPhase section */
		23DF4ED31A7444510059870C /* Resources */ = {
			isa = PBXResourcesBuildPhase;
			buildActionMask = 2147483647;
			files = (
				23DF4EE01A7444510059870C /* Main.storyboard in Resources */,
				23DF4F071A78351D0059870C /* Localizable.strings in Resources */,
				23DF4EE51A7444510059870C /* LaunchScreen.xib in Resources */,
				23DF4EE21A7444510059870C /* Images.xcassets in Resources */,
			);
			runOnlyForDeploymentPostprocessing = 0;
		};
		23DF4EE81A7444510059870C /* Resources */ = {
			isa = PBXResourcesBuildPhase;
			buildActionMask = 2147483647;
			files = (
			);
			runOnlyForDeploymentPostprocessing = 0;
		};
/* End PBXResourcesBuildPhase section */

/* Begin PBXSourcesBuildPhase section */
		23DF4ED11A7444510059870C /* Sources */ = {
			isa = PBXSourcesBuildPhase;
			buildActionMask = 2147483647;
			files = (
				234FD6AE1AE10493003DE0A4 /* cl_DBModel.swift in Sources */,
				23DF4F141A79001F0059870C /* functions.swift in Sources */,
				2305171C1C08B6AF00DBFE52 /* UserSettingsFormViewController.swift in Sources */,
				2305170C1C070EF300DBFE52 /* constants.swift in Sources */,
				234617481B5EC546001D8B76 /* CategoryViewCell.swift in Sources */,
				234FD6B01AE104AF003DE0A4 /* cl_UserModel.swift in Sources */,
				234FD6B31AE1100C003DE0A4 /* SwiftyJSON.swift in Sources */,
				234617461B5EC30D001D8B76 /* CollectionViewController.swift in Sources */,
				23DF4EDD1A7444510059870C /* ViewController.swift in Sources */,
				23DF4EDB1A7444510059870C /* AppDelegate.swift in Sources */,
			);
			runOnlyForDeploymentPostprocessing = 0;
		};
		23DF4EE61A7444510059870C /* Sources */ = {
			isa = PBXSourcesBuildPhase;
			buildActionMask = 2147483647;
			files = (
				23DF4EF11A7444510059870C /* smapTests.swift in Sources */,
			);
			runOnlyForDeploymentPostprocessing = 0;
		};
/* End PBXSourcesBuildPhase section */

/* Begin PBXTargetDependency section */
		23DF4EEC1A7444510059870C /* PBXTargetDependency */ = {
			isa = PBXTargetDependency;
			target = 23DF4ED41A7444510059870C /* smap */;
			targetProxy = 23DF4EEB1A7444510059870C /* PBXContainerItemProxy */;
		};
/* End PBXTargetDependency section */

/* Begin PBXVariantGroup section */
		23DF4EDE1A7444510059870C /* Main.storyboard */ = {
			isa = PBXVariantGroup;
			children = (
				23DF4EDF1A7444510059870C /* Base */,
				23F397741ADC18F300E6780C /* en */,
				2305171D1C08F61D00DBFE52 /* de */,
			);
			name = Main.storyboard;
			sourceTree = "<group>";
		};
		23DF4EE31A7444510059870C /* LaunchScreen.xib */ = {
			isa = PBXVariantGroup;
			children = (
				23DF4EE41A7444510059870C /* Base */,
				23DF4F111A78EFCF0059870C /* de */,
			);
			name = LaunchScreen.xib;
			sourceTree = "<group>";
		};
		23DF4F091A78351D0059870C /* Localizable.strings */ = {
			isa = PBXVariantGroup;
			children = (
				23DF4F081A78351D0059870C /* Base */,
				23DF4F0D1A783A0D0059870C /* en */,
				23DF4F121A78EFCF0059870C /* de */,
			);
			name = Localizable.strings;
			sourceTree = "<group>";
		};
/* End PBXVariantGroup section */

/* Begin XCBuildConfiguration section */
		23DF4EF21A7444510059870C /* Debug */ = {
			isa = XCBuildConfiguration;
			buildSettings = {
				ALWAYS_SEARCH_USER_PATHS = NO;
				CLANG_CXX_LANGUAGE_STANDARD = "gnu++0x";
				CLANG_CXX_LIBRARY = "libc++";
				CLANG_ENABLE_MODULES = YES;
				CLANG_ENABLE_OBJC_ARC = YES;
				CLANG_WARN_BOOL_CONVERSION = YES;
				CLANG_WARN_CONSTANT_CONVERSION = YES;
				CLANG_WARN_DIRECT_OBJC_ISA_USAGE = YES_ERROR;
				CLANG_WARN_EMPTY_BODY = YES;
				CLANG_WARN_ENUM_CONVERSION = YES;
				CLANG_WARN_INT_CONVERSION = YES;
				CLANG_WARN_OBJC_ROOT_CLASS = YES_ERROR;
				CLANG_WARN_UNREACHABLE_CODE = YES;
				CLANG_WARN__DUPLICATE_METHOD_MATCH = YES;
				"CODE_SIGN_IDENTITY[sdk=iphoneos*]" = "iPhone Developer";
				COPY_PHASE_STRIP = NO;
				ENABLE_STRICT_OBJC_MSGSEND = YES;
				ENABLE_TESTABILITY = YES;
				GCC_C_LANGUAGE_STANDARD = gnu99;
				GCC_DYNAMIC_NO_PIC = NO;
				GCC_OPTIMIZATION_LEVEL = 0;
				GCC_PREPROCESSOR_DEFINITIONS = (
					"DEBUG=1",
					"$(inherited)",
				);
				GCC_SYMBOLS_PRIVATE_EXTERN = NO;
				GCC_WARN_64_TO_32_BIT_CONVERSION = YES;
				GCC_WARN_ABOUT_RETURN_TYPE = YES_ERROR;
				GCC_WARN_UNDECLARED_SELECTOR = YES;
				GCC_WARN_UNINITIALIZED_AUTOS = YES_AGGRESSIVE;
				GCC_WARN_UNUSED_FUNCTION = YES;
				GCC_WARN_UNUSED_VARIABLE = YES;
				IPHONEOS_DEPLOYMENT_TARGET = 9.1;
				MTL_ENABLE_DEBUG_INFO = YES;
				ONLY_ACTIVE_ARCH = YES;
				SDKROOT = iphoneos;
				SWIFT_OPTIMIZATION_LEVEL = "-Onone";
				TARGETED_DEVICE_FAMILY = "1,2";
			};
			name = Debug;
		};
		23DF4EF31A7444510059870C /* Release */ = {
			isa = XCBuildConfiguration;
			buildSettings = {
				ALWAYS_SEARCH_USER_PATHS = NO;
				CLANG_CXX_LANGUAGE_STANDARD = "gnu++0x";
				CLANG_CXX_LIBRARY = "libc++";
				CLANG_ENABLE_MODULES = YES;
				CLANG_ENABLE_OBJC_ARC = YES;
				CLANG_WARN_BOOL_CONVERSION = YES;
				CLANG_WARN_CONSTANT_CONVERSION = YES;
				CLANG_WARN_DIRECT_OBJC_ISA_USAGE = YES_ERROR;
				CLANG_WARN_EMPTY_BODY = YES;
				CLANG_WARN_ENUM_CONVERSION = YES;
				CLANG_WARN_INT_CONVERSION = YES;
				CLANG_WARN_OBJC_ROOT_CLASS = YES_ERROR;
				CLANG_WARN_UNREACHABLE_CODE = YES;
				CLANG_WARN__DUPLICATE_METHOD_MATCH = YES;
				"CODE_SIGN_IDENTITY[sdk=iphoneos*]" = "iPhone Developer";
				COPY_PHASE_STRIP = YES;
				ENABLE_NS_ASSERTIONS = NO;
				ENABLE_STRICT_OBJC_MSGSEND = YES;
				GCC_C_LANGUAGE_STANDARD = gnu99;
				GCC_WARN_64_TO_32_BIT_CONVERSION = YES;
				GCC_WARN_ABOUT_RETURN_TYPE = YES_ERROR;
				GCC_WARN_UNDECLARED_SELECTOR = YES;
				GCC_WARN_UNINITIALIZED_AUTOS = YES_AGGRESSIVE;
				GCC_WARN_UNUSED_FUNCTION = YES;
				GCC_WARN_UNUSED_VARIABLE = YES;
				IPHONEOS_DEPLOYMENT_TARGET = 9.1;
				MTL_ENABLE_DEBUG_INFO = NO;
				SDKROOT = iphoneos;
				TARGETED_DEVICE_FAMILY = "1,2";
				VALIDATE_PRODUCT = YES;
			};
			name = Release;
		};
		23DF4EF51A7444510059870C /* Debug */ = {
			isa = XCBuildConfiguration;
			buildSettings = {
				ASSETCATALOG_COMPILER_APPICON_NAME = AppIcon;
				CODE_SIGN_IDENTITY = "iPhone Developer";
				INFOPLIST_FILE = smap/Info.plist;
				LD_RUNPATH_SEARCH_PATHS = "$(inherited) @executable_path/Frameworks";
				PRODUCT_BUNDLE_IDENTIFIER = "mara.$(PRODUCT_NAME:rfc1034identifier)";
				PRODUCT_NAME = "$(TARGET_NAME)";
			};
			name = Debug;
		};
		23DF4EF61A7444510059870C /* Release */ = {
			isa = XCBuildConfiguration;
			buildSettings = {
				ASSETCATALOG_COMPILER_APPICON_NAME = AppIcon;
				CODE_SIGN_IDENTITY = "iPhone Developer";
				INFOPLIST_FILE = smap/Info.plist;
				LD_RUNPATH_SEARCH_PATHS = "$(inherited) @executable_path/Frameworks";
				PRODUCT_BUNDLE_IDENTIFIER = "mara.$(PRODUCT_NAME:rfc1034identifier)";
				PRODUCT_NAME = "$(TARGET_NAME)";
			};
			name = Release;
		};
		23DF4EF81A7444510059870C /* Debug */ = {
			isa = XCBuildConfiguration;
			buildSettings = {
				BUNDLE_LOADER = "$(TEST_HOST)";
				FRAMEWORK_SEARCH_PATHS = (
					"$(SDKROOT)/Developer/Library/Frameworks",
					"$(inherited)",
				);
				GCC_PREPROCESSOR_DEFINITIONS = (
					"DEBUG=1",
					"$(inherited)",
				);
				INFOPLIST_FILE = smapTests/Info.plist;
				LD_RUNPATH_SEARCH_PATHS = "$(inherited) @executable_path/Frameworks @loader_path/Frameworks";
				PRODUCT_BUNDLE_IDENTIFIER = "mara.$(PRODUCT_NAME:rfc1034identifier)";
				PRODUCT_NAME = "$(TARGET_NAME)";
				TEST_HOST = "$(BUILT_PRODUCTS_DIR)/smap.app/smap";
			};
			name = Debug;
		};
		23DF4EF91A7444510059870C /* Release */ = {
			isa = XCBuildConfiguration;
			buildSettings = {
				BUNDLE_LOADER = "$(TEST_HOST)";
				FRAMEWORK_SEARCH_PATHS = (
					"$(SDKROOT)/Developer/Library/Frameworks",
					"$(inherited)",
				);
				INFOPLIST_FILE = smapTests/Info.plist;
				LD_RUNPATH_SEARCH_PATHS = "$(inherited) @executable_path/Frameworks @loader_path/Frameworks";
				PRODUCT_BUNDLE_IDENTIFIER = "mara.$(PRODUCT_NAME:rfc1034identifier)";
				PRODUCT_NAME = "$(TARGET_NAME)";
				TEST_HOST = "$(BUILT_PRODUCTS_DIR)/smap.app/smap";
			};
			name = Release;
		};
/* End XCBuildConfiguration section */

/* Begin XCConfigurationList section */
		23DF4ED01A7444510059870C /* Build configuration list for PBXProject "smap" */ = {
			isa = XCConfigurationList;
			buildConfigurations = (
				23DF4EF21A7444510059870C /* Debug */,
				23DF4EF31A7444510059870C /* Release */,
			);
			defaultConfigurationIsVisible = 0;
			defaultConfigurationName = Release;
		};
		23DF4EF41A7444510059870C /* Build configuration list for PBXNativeTarget "smap" */ = {
			isa = XCConfigurationList;
			buildConfigurations = (
				23DF4EF51A7444510059870C /* Debug */,
				23DF4EF61A7444510059870C /* Release */,
			);
			defaultConfigurationIsVisible = 0;
			defaultConfigurationName = Release;
		};
		23DF4EF71A7444510059870C /* Build configuration list for PBXNativeTarget "smapTests" */ = {
			isa = XCConfigurationList;
			buildConfigurations = (
				23DF4EF81A7444510059870C /* Debug */,
				23DF4EF91A7444510059870C /* Release */,
			);
			defaultConfigurationIsVisible = 0;
			defaultConfigurationName = Release;
		};
/* End XCConfigurationList section */
	};
	rootObject = 23DF4ECD1A7444510059870C /* Project object */;
}
